{
  "name": "Jiri",
  "version": "1.0.0",
  "lockfileVersion": 1,
  "requires": true,
  "dependencies": {
    "json-http": {
      "version": "1.0.2",
      "resolved": "https://registry.npmjs.org/json-http/-/json-http-1.0.2.tgz",
      "integrity": "sha1-Hf/e3yoVbZAvVPNa8mLZuVBJpz8="
    },
    "omdb-client": {
      "version": "2.0.0",
      "resolved": "https://registry.npmjs.org/omdb-client/-/omdb-client-2.0.0.tgz",
      "integrity": "sha512-mMEMHovYwiu2eTi5Y7eEJyuamvrUzKOuA//3D33wDy01mw5ee0pi5g2kCL4HuwKKLHyA/5C7S5fS1oo5jkxAOA==",
      "requires": {
        "json-http": "^1.0.1"
      }
    }
  }
}
